// !$*UTF8*$!
{
	archiveVersion = 1;
	classes = {
	};
	objectVersion = 52;
	objects = {

/* Begin PBXBuildFile section */
		9B48BF0E2518A1900099701B /* WindowMaker.swift in Sources */ = {isa = PBXBuildFile; fileRef = 9B48BF0D2518A1900099701B /* WindowMaker.swift */; };
		9B56081325AEFD4100143B07 /* ParagraphView.swift in Sources */ = {isa = PBXBuildFile; fileRef = 9B56081225AEFD4100143B07 /* ParagraphView.swift */; };
		9B56081925AEFD4400143B07 /* ParagraphView.swift in Sources */ = {isa = PBXBuildFile; fileRef = 9B56081225AEFD4100143B07 /* ParagraphView.swift */; };
		9B586D3724D7EC280072BAE1 /* SearchablePostsList.swift in Sources */ = {isa = PBXBuildFile; fileRef = 9B586D3624D7EC280072BAE1 /* SearchablePostsList.swift */; };
		9B586D3824D7EC280072BAE1 /* SearchablePostsList.swift in Sources */ = {isa = PBXBuildFile; fileRef = 9B586D3624D7EC280072BAE1 /* SearchablePostsList.swift */; };
		9B586D3A24D7EC5F0072BAE1 /* SettingsView.swift in Sources */ = {isa = PBXBuildFile; fileRef = 9B586D3924D7EC5F0072BAE1 /* SettingsView.swift */; };
		9B586D3B24D7EC5F0072BAE1 /* SettingsView.swift in Sources */ = {isa = PBXBuildFile; fileRef = 9B586D3924D7EC5F0072BAE1 /* SettingsView.swift */; };
		9B586D3D24D7EC820072BAE1 /* ListOfAccounts.swift in Sources */ = {isa = PBXBuildFile; fileRef = 9B586D3C24D7EC820072BAE1 /* ListOfAccounts.swift */; };
		9B586D3E24D7EC820072BAE1 /* ListOfAccounts.swift in Sources */ = {isa = PBXBuildFile; fileRef = 9B586D3C24D7EC820072BAE1 /* ListOfAccounts.swift */; };
		9B586D4024D7EC990072BAE1 /* ProgressWithStatus.swift in Sources */ = {isa = PBXBuildFile; fileRef = 9B586D3F24D7EC990072BAE1 /* ProgressWithStatus.swift */; };
		9B586D4124D7EC990072BAE1 /* ProgressWithStatus.swift in Sources */ = {isa = PBXBuildFile; fileRef = 9B586D3F24D7EC990072BAE1 /* ProgressWithStatus.swift */; };
		9B586D4324D7EE1C0072BAE1 /* PreviewCoreDataStack.swift in Sources */ = {isa = PBXBuildFile; fileRef = 9B586D4224D7EE1C0072BAE1 /* PreviewCoreDataStack.swift */; };
		9B586D4424D7EE1C0072BAE1 /* PreviewCoreDataStack.swift in Sources */ = {isa = PBXBuildFile; fileRef = 9B586D4224D7EE1C0072BAE1 /* PreviewCoreDataStack.swift */; };
		9B586D4624D7F97A0072BAE1 /* AddAccountForm.swift in Sources */ = {isa = PBXBuildFile; fileRef = 9B586D4524D7F97A0072BAE1 /* AddAccountForm.swift */; };
		9B586D4724D7F97A0072BAE1 /* AddAccountForm.swift in Sources */ = {isa = PBXBuildFile; fileRef = 9B586D4524D7F97A0072BAE1 /* AddAccountForm.swift */; };
		9B75F48924B73934009B8792 /* BlogEngine in Frameworks */ = {isa = PBXBuildFile; productRef = 9B75F48824B73934009B8792 /* BlogEngine */; };
		9B75F48C24B7394C009B8792 /* BlogEngine in Frameworks */ = {isa = PBXBuildFile; productRef = 9B75F48B24B7394C009B8792 /* BlogEngine */; };
		9B8416AC24A349BF0054D12D /* Tests_iOS.swift in Sources */ = {isa = PBXBuildFile; fileRef = 9B8416AB24A349BF0054D12D /* Tests_iOS.swift */; };
		9B8416B724A349BF0054D12D /* Tests_macOS.swift in Sources */ = {isa = PBXBuildFile; fileRef = 9B8416B624A349BF0054D12D /* Tests_macOS.swift */; };
		9B8416B924A349BF0054D12D /* PublicistApp.swift in Sources */ = {isa = PBXBuildFile; fileRef = 9B84169024A349BE0054D12D /* PublicistApp.swift */; };
		9B8416BA24A349BF0054D12D /* PublicistApp.swift in Sources */ = {isa = PBXBuildFile; fileRef = 9B84169024A349BE0054D12D /* PublicistApp.swift */; };
		9B8416BB24A349BF0054D12D /* ContentView.swift in Sources */ = {isa = PBXBuildFile; fileRef = 9B84169124A349BE0054D12D /* ContentView.swift */; };
		9B8416BC24A349BF0054D12D /* ContentView.swift in Sources */ = {isa = PBXBuildFile; fileRef = 9B84169124A349BE0054D12D /* ContentView.swift */; };
		9B8416BD24A349BF0054D12D /* Assets.xcassets in Resources */ = {isa = PBXBuildFile; fileRef = 9B84169224A349BE0054D12D /* Assets.xcassets */; };
		9B8416BE24A349BF0054D12D /* Assets.xcassets in Resources */ = {isa = PBXBuildFile; fileRef = 9B84169224A349BE0054D12D /* Assets.xcassets */; };
		9B8416CE24A34A680054D12D /* PostCell.swift in Sources */ = {isa = PBXBuildFile; fileRef = 9B8416CD24A34A680054D12D /* PostCell.swift */; };
		9B8416CF24A34A680054D12D /* PostCell.swift in Sources */ = {isa = PBXBuildFile; fileRef = 9B8416CD24A34A680054D12D /* PostCell.swift */; };
		9B8C2F30255D361300912923 /* BlogEngine in Frameworks */ = {isa = PBXBuildFile; productRef = 9B8C2F2F255D361300912923 /* BlogEngine */; };
		9BA172F7253D7F6300A365C1 /* SwiftUIImageExtensions.swift in Sources */ = {isa = PBXBuildFile; fileRef = 9BA172F6253D7F6300A365C1 /* SwiftUIImageExtensions.swift */; };
		9BA172F8253D7F6300A365C1 /* SwiftUIImageExtensions.swift in Sources */ = {isa = PBXBuildFile; fileRef = 9BA172F6253D7F6300A365C1 /* SwiftUIImageExtensions.swift */; };
		9BB2E086255BE0C2004E7367 /* Publish.appex in Embed App Extensions */ = {isa = PBXBuildFile; fileRef = 9BB2E079255BE0C2004E7367 /* Publish.appex */; settings = {ATTRIBUTES = (RemoveHeadersOnCopy, ); }; };
		9BB2E0A2255BE126004E7367 /* ShareViewController.swift in Sources */ = {isa = PBXBuildFile; fileRef = 9BB2E096255BE126004E7367 /* ShareViewController.swift */; };
		9BB2E0A4255BE126004E7367 /* ShareViewController.xib in Resources */ = {isa = PBXBuildFile; fileRef = 9BB2E099255BE126004E7367 /* ShareViewController.xib */; };
		9BB2E0A6255BE126004E7367 /* ShareViewController.strings in Resources */ = {isa = PBXBuildFile; fileRef = 9BB2E09F255BE126004E7367 /* ShareViewController.strings */; };
		9BB2E0A7255BE126004E7367 /* icon.icns in Resources */ = {isa = PBXBuildFile; fileRef = 9BB2E0A1255BE126004E7367 /* icon.icns */; };
		9BB2E0AE255BE16D004E7367 /* BlogEngine in Frameworks */ = {isa = PBXBuildFile; productRef = 9BB2E0AD255BE16D004E7367 /* BlogEngine */; };
		9BBAA0E8250F8BD40064407C /* PreviewView.swift in Sources */ = {isa = PBXBuildFile; fileRef = 9BBAA0E7250F8BD40064407C /* PreviewView.swift */; };
		9BBAA0E9250F8BD40064407C /* PreviewView.swift in Sources */ = {isa = PBXBuildFile; fileRef = 9BBAA0E7250F8BD40064407C /* PreviewView.swift */; };
		9BBAA0EB250F8DD80064407C /* ParagraphProcessor.swift in Sources */ = {isa = PBXBuildFile; fileRef = 9BBAA0EA250F8DD80064407C /* ParagraphProcessor.swift */; };
		9BBAA0EC250F8DD80064407C /* ParagraphProcessor.swift in Sources */ = {isa = PBXBuildFile; fileRef = 9BBAA0EA250F8DD80064407C /* ParagraphProcessor.swift */; };
		9BC5D5862521FD910072DBC2 /* DraftButtons.swift in Sources */ = {isa = PBXBuildFile; fileRef = 9BC5D5852521FD910072DBC2 /* DraftButtons.swift */; };
		9BC5D5872521FD910072DBC2 /* DraftButtons.swift in Sources */ = {isa = PBXBuildFile; fileRef = 9BC5D5852521FD910072DBC2 /* DraftButtons.swift */; };
		9BEC747C25592B4700D9326B /* ReceiptStatusView.swift in Sources */ = {isa = PBXBuildFile; fileRef = 9BEC747B25592B4700D9326B /* ReceiptStatusView.swift */; };
		9BEC747D25592B4700D9326B /* ReceiptStatusView.swift in Sources */ = {isa = PBXBuildFile; fileRef = 9BEC747B25592B4700D9326B /* ReceiptStatusView.swift */; };
		9BEC74932559345500D9326B /* ReceiptValidator.swift in Sources */ = {isa = PBXBuildFile; fileRef = 9BEC74922559345500D9326B /* ReceiptValidator.swift */; };
		9BEC74942559345500D9326B /* ReceiptValidator.swift in Sources */ = {isa = PBXBuildFile; fileRef = 9BEC74922559345500D9326B /* ReceiptValidator.swift */; };
		9BEC749A2559346400D9326B /* ReceiptValidatorTests.swift in Sources */ = {isa = PBXBuildFile; fileRef = 9BEC74992559346400D9326B /* ReceiptValidatorTests.swift */; };
		9BEC74A52559357A00D9326B /* AppReceiptValidator in Frameworks */ = {isa = PBXBuildFile; productRef = 9BEC74A42559357A00D9326B /* AppReceiptValidator */; };
		9BEC74AB2559361200D9326B /* PurchaseController.swift in Sources */ = {isa = PBXBuildFile; fileRef = 9BEC74AA2559361200D9326B /* PurchaseController.swift */; };
		9BEC74B02559361700D9326B /* PurchaseController.swift in Sources */ = {isa = PBXBuildFile; fileRef = 9BEC74AA2559361200D9326B /* PurchaseController.swift */; };
		9BEC74B6255937CB00D9326B /* SubscriptionsViewControllerTests.swift in Sources */ = {isa = PBXBuildFile; fileRef = 9BEC74B5255937CB00D9326B /* SubscriptionsViewControllerTests.swift */; };
		9BEC74D8255945B900D9326B /* RSAppMovementMonitor.swift in Sources */ = {isa = PBXBuildFile; fileRef = 9BEC74D7255945B900D9326B /* RSAppMovementMonitor.swift */; };
		9BEC74E2255955E700D9326B /* StoreKit.framework in Frameworks */ = {isa = PBXBuildFile; fileRef = 9BEC74E1255955E700D9326B /* StoreKit.framework */; };
		9BEC74E82559560100D9326B /* CloudKit.framework in Frameworks */ = {isa = PBXBuildFile; fileRef = 9BEC74E72559560100D9326B /* CloudKit.framework */; };
		9BEC74EE2559565800D9326B /* Configuration.storekit in Resources */ = {isa = PBXBuildFile; fileRef = 9BEC74ED2559565800D9326B /* Configuration.storekit */; };
		9BEC74F4255957BA00D9326B /* StoreKitFakeCert.cer in Resources */ = {isa = PBXBuildFile; fileRef = 9BEC74F3255957BA00D9326B /* StoreKitFakeCert.cer */; };
		9BF4E8B32518EA7B00226C58 /* FormFields.swift in Sources */ = {isa = PBXBuildFile; fileRef = 9BF4E8B22518EA7B00226C58 /* FormFields.swift */; };
		9BF4E8B42518EA7B00226C58 /* FormFields.swift in Sources */ = {isa = PBXBuildFile; fileRef = 9BF4E8B22518EA7B00226C58 /* FormFields.swift */; };
		9BF4E8C12518EC7C00226C58 /* AccountMenu.swift in Sources */ = {isa = PBXBuildFile; fileRef = 9BF4E8C02518EC7C00226C58 /* AccountMenu.swift */; };
		9BF4E8C22518EC7C00226C58 /* AccountMenu.swift in Sources */ = {isa = PBXBuildFile; fileRef = 9BF4E8C02518EC7C00226C58 /* AccountMenu.swift */; };
		9BF4E8ED2519015500226C58 /* StatusMenu.swift in Sources */ = {isa = PBXBuildFile; fileRef = 9BF4E8EC2519015500226C58 /* StatusMenu.swift */; };
		9BF4E8EE2519015500226C58 /* StatusMenu.swift in Sources */ = {isa = PBXBuildFile; fileRef = 9BF4E8EC2519015500226C58 /* StatusMenu.swift */; };
/* End PBXBuildFile section */

/* Begin PBXContainerItemProxy section */
		9B8416A824A349BF0054D12D /* PBXContainerItemProxy */ = {
			isa = PBXContainerItemProxy;
			containerPortal = 9B84168B24A349BE0054D12D /* Project object */;
			proxyType = 1;
			remoteGlobalIDString = 9B84169624A349BE0054D12D;
			remoteInfo = iOS;
		};
		9B8416B324A349BF0054D12D /* PBXContainerItemProxy */ = {
			isa = PBXContainerItemProxy;
			containerPortal = 9B84168B24A349BE0054D12D /* Project object */;
			proxyType = 1;
			remoteGlobalIDString = 9B84169E24A349BE0054D12D;
			remoteInfo = macOS;
		};
		9BB2E084255BE0C2004E7367 /* PBXContainerItemProxy */ = {
			isa = PBXContainerItemProxy;
			containerPortal = 9B84168B24A349BE0054D12D /* Project object */;
			proxyType = 1;
			remoteGlobalIDString = 9BB2E078255BE0C2004E7367;
			remoteInfo = Publish;
		};
/* End PBXContainerItemProxy section */

/* Begin PBXCopyFilesBuildPhase section */
		9BB2E087255BE0C2004E7367 /* Embed App Extensions */ = {
			isa = PBXCopyFilesBuildPhase;
			buildActionMask = 2147483647;
			dstPath = "";
			dstSubfolderSpec = 13;
			files = (
				9BB2E086255BE0C2004E7367 /* Publish.appex in Embed App Extensions */,
			);
			name = "Embed App Extensions";
			runOnlyForDeploymentPostprocessing = 0;
		};
/* End PBXCopyFilesBuildPhase section */

/* Begin PBXFileReference section */
		9B48BF0D2518A1900099701B /* WindowMaker.swift */ = {isa = PBXFileReference; lastKnownFileType = sourcecode.swift; path = WindowMaker.swift; sourceTree = "<group>"; };
		9B56081225AEFD4100143B07 /* ParagraphView.swift */ = {isa = PBXFileReference; lastKnownFileType = sourcecode.swift; path = ParagraphView.swift; sourceTree = "<group>"; };
		9B586D3624D7EC280072BAE1 /* SearchablePostsList.swift */ = {isa = PBXFileReference; lastKnownFileType = sourcecode.swift; path = SearchablePostsList.swift; sourceTree = "<group>"; };
		9B586D3924D7EC5F0072BAE1 /* SettingsView.swift */ = {isa = PBXFileReference; lastKnownFileType = sourcecode.swift; path = SettingsView.swift; sourceTree = "<group>"; };
		9B586D3C24D7EC820072BAE1 /* ListOfAccounts.swift */ = {isa = PBXFileReference; lastKnownFileType = sourcecode.swift; path = ListOfAccounts.swift; sourceTree = "<group>"; };
		9B586D3F24D7EC990072BAE1 /* ProgressWithStatus.swift */ = {isa = PBXFileReference; lastKnownFileType = sourcecode.swift; path = ProgressWithStatus.swift; sourceTree = "<group>"; };
		9B586D4224D7EE1C0072BAE1 /* PreviewCoreDataStack.swift */ = {isa = PBXFileReference; lastKnownFileType = sourcecode.swift; path = PreviewCoreDataStack.swift; sourceTree = "<group>"; };
		9B586D4524D7F97A0072BAE1 /* AddAccountForm.swift */ = {isa = PBXFileReference; lastKnownFileType = sourcecode.swift; path = AddAccountForm.swift; sourceTree = "<group>"; };
		9B84169024A349BE0054D12D /* PublicistApp.swift */ = {isa = PBXFileReference; lastKnownFileType = sourcecode.swift; path = PublicistApp.swift; sourceTree = "<group>"; };
		9B84169124A349BE0054D12D /* ContentView.swift */ = {isa = PBXFileReference; lastKnownFileType = sourcecode.swift; path = ContentView.swift; sourceTree = "<group>"; };
		9B84169224A349BE0054D12D /* Assets.xcassets */ = {isa = PBXFileReference; lastKnownFileType = folder.assetcatalog; path = Assets.xcassets; sourceTree = "<group>"; };
		9B84169724A349BE0054D12D /* Publicist.app */ = {isa = PBXFileReference; explicitFileType = wrapper.application; includeInIndex = 0; path = Publicist.app; sourceTree = BUILT_PRODUCTS_DIR; };
		9B84169A24A349BE0054D12D /* Info.plist */ = {isa = PBXFileReference; lastKnownFileType = text.plist.xml; path = Info.plist; sourceTree = "<group>"; };
		9B84169F24A349BE0054D12D /* Publicist.app */ = {isa = PBXFileReference; explicitFileType = wrapper.application; includeInIndex = 0; path = Publicist.app; sourceTree = BUILT_PRODUCTS_DIR; };
		9B8416A124A349BE0054D12D /* Info.plist */ = {isa = PBXFileReference; lastKnownFileType = text.plist.xml; path = Info.plist; sourceTree = "<group>"; };
		9B8416A224A349BE0054D12D /* macOS.entitlements */ = {isa = PBXFileReference; lastKnownFileType = text.plist.entitlements; path = macOS.entitlements; sourceTree = "<group>"; };
		9B8416A724A349BF0054D12D /* Tests iOS.xctest */ = {isa = PBXFileReference; explicitFileType = wrapper.cfbundle; includeInIndex = 0; path = "Tests iOS.xctest"; sourceTree = BUILT_PRODUCTS_DIR; };
		9B8416AB24A349BF0054D12D /* Tests_iOS.swift */ = {isa = PBXFileReference; lastKnownFileType = sourcecode.swift; path = Tests_iOS.swift; sourceTree = "<group>"; };
		9B8416AD24A349BF0054D12D /* Info.plist */ = {isa = PBXFileReference; lastKnownFileType = text.plist.xml; path = Info.plist; sourceTree = "<group>"; };
		9B8416B224A349BF0054D12D /* Tests macOS.xctest */ = {isa = PBXFileReference; explicitFileType = wrapper.cfbundle; includeInIndex = 0; path = "Tests macOS.xctest"; sourceTree = BUILT_PRODUCTS_DIR; };
		9B8416B624A349BF0054D12D /* Tests_macOS.swift */ = {isa = PBXFileReference; lastKnownFileType = sourcecode.swift; path = Tests_macOS.swift; sourceTree = "<group>"; };
		9B8416B824A349BF0054D12D /* Info.plist */ = {isa = PBXFileReference; lastKnownFileType = text.plist.xml; path = Info.plist; sourceTree = "<group>"; };
		9B8416CD24A34A680054D12D /* PostCell.swift */ = {isa = PBXFileReference; lastKnownFileType = sourcecode.swift; path = PostCell.swift; sourceTree = "<group>"; };
		9BA172F6253D7F6300A365C1 /* SwiftUIImageExtensions.swift */ = {isa = PBXFileReference; lastKnownFileType = sourcecode.swift; path = SwiftUIImageExtensions.swift; sourceTree = "<group>"; };
		9BB2E079255BE0C2004E7367 /* Publish.appex */ = {isa = PBXFileReference; explicitFileType = "wrapper.app-extension"; includeInIndex = 0; path = Publish.appex; sourceTree = BUILT_PRODUCTS_DIR; };
		9BB2E095255BE125004E7367 /* Publish-Bridging-Header.h */ = {isa = PBXFileReference; lastKnownFileType = sourcecode.c.h; path = "Publish-Bridging-Header.h"; sourceTree = "<group>"; };
		9BB2E096255BE126004E7367 /* ShareViewController.swift */ = {isa = PBXFileReference; fileEncoding = 4; lastKnownFileType = sourcecode.swift; path = ShareViewController.swift; sourceTree = "<group>"; };
		9BB2E097255BE126004E7367 /* Info.plist */ = {isa = PBXFileReference; fileEncoding = 4; lastKnownFileType = text.plist.xml; path = Info.plist; sourceTree = "<group>"; };
		9BB2E09A255BE126004E7367 /* Base */ = {isa = PBXFileReference; lastKnownFileType = file.xib; name = Base; path = ShareViewController.xib; sourceTree = "<group>"; };
		9BB2E09B255BE126004E7367 /* Publish.entitlements */ = {isa = PBXFileReference; fileEncoding = 4; lastKnownFileType = text.plist.entitlements; path = Publish.entitlements; sourceTree = "<group>"; };
		9BB2E09E255BE126004E7367 /* ja */ = {isa = PBXFileReference; lastKnownFileType = text.plist.strings; name = ja; path = InfoPlist.strings; sourceTree = "<group>"; };
		9BB2E0A0255BE126004E7367 /* ja */ = {isa = PBXFileReference; lastKnownFileType = text.plist.strings; name = ja; path = ShareViewController.strings; sourceTree = "<group>"; };
		9BB2E0A1255BE126004E7367 /* icon.icns */ = {isa = PBXFileReference; lastKnownFileType = image.icns; path = icon.icns; sourceTree = "<group>"; };
		9BBAA0E7250F8BD40064407C /* PreviewView.swift */ = {isa = PBXFileReference; lastKnownFileType = sourcecode.swift; path = PreviewView.swift; sourceTree = "<group>"; };
		9BBAA0EA250F8DD80064407C /* ParagraphProcessor.swift */ = {isa = PBXFileReference; fileEncoding = 4; lastKnownFileType = sourcecode.swift; path = ParagraphProcessor.swift; sourceTree = "<group>"; };
		9BC5D5852521FD910072DBC2 /* DraftButtons.swift */ = {isa = PBXFileReference; lastKnownFileType = sourcecode.swift; path = DraftButtons.swift; sourceTree = "<group>"; };
		9BEC747B25592B4700D9326B /* ReceiptStatusView.swift */ = {isa = PBXFileReference; lastKnownFileType = sourcecode.swift; path = ReceiptStatusView.swift; sourceTree = "<group>"; };
		9BEC74922559345500D9326B /* ReceiptValidator.swift */ = {isa = PBXFileReference; fileEncoding = 4; lastKnownFileType = sourcecode.swift; path = ReceiptValidator.swift; sourceTree = "<group>"; };
		9BEC74992559346400D9326B /* ReceiptValidatorTests.swift */ = {isa = PBXFileReference; fileEncoding = 4; lastKnownFileType = sourcecode.swift; path = ReceiptValidatorTests.swift; sourceTree = "<group>"; };
		9BEC74AA2559361200D9326B /* PurchaseController.swift */ = {isa = PBXFileReference; lastKnownFileType = sourcecode.swift; path = PurchaseController.swift; sourceTree = "<group>"; };
		9BEC74B5255937CB00D9326B /* SubscriptionsViewControllerTests.swift */ = {isa = PBXFileReference; fileEncoding = 4; lastKnownFileType = sourcecode.swift; path = SubscriptionsViewControllerTests.swift; sourceTree = "<group>"; };
		9BEC74D7255945B900D9326B /* RSAppMovementMonitor.swift */ = {isa = PBXFileReference; fileEncoding = 4; lastKnownFileType = sourcecode.swift; path = RSAppMovementMonitor.swift; sourceTree = "<group>"; };
		9BEC74E1255955E700D9326B /* StoreKit.framework */ = {isa = PBXFileReference; lastKnownFileType = wrapper.framework; name = StoreKit.framework; path = System/Library/Frameworks/StoreKit.framework; sourceTree = SDKROOT; };
		9BEC74E72559560100D9326B /* CloudKit.framework */ = {isa = PBXFileReference; lastKnownFileType = wrapper.framework; name = CloudKit.framework; path = System/Library/Frameworks/CloudKit.framework; sourceTree = SDKROOT; };
		9BEC74ED2559565800D9326B /* Configuration.storekit */ = {isa = PBXFileReference; lastKnownFileType = text; path = Configuration.storekit; sourceTree = "<group>"; };
		9BEC74F3255957BA00D9326B /* StoreKitFakeCert.cer */ = {isa = PBXFileReference; lastKnownFileType = file; path = StoreKitFakeCert.cer; sourceTree = "<group>"; };
		9BF4E8B22518EA7B00226C58 /* FormFields.swift */ = {isa = PBXFileReference; lastKnownFileType = sourcecode.swift; path = FormFields.swift; sourceTree = "<group>"; };
		9BF4E8C02518EC7C00226C58 /* AccountMenu.swift */ = {isa = PBXFileReference; lastKnownFileType = sourcecode.swift; path = AccountMenu.swift; sourceTree = "<group>"; };
		9BF4E8EC2519015500226C58 /* StatusMenu.swift */ = {isa = PBXFileReference; lastKnownFileType = sourcecode.swift; path = StatusMenu.swift; sourceTree = "<group>"; };
/* End PBXFileReference section */

/* Begin PBXFrameworksBuildPhase section */
		9B84169424A349BE0054D12D /* Frameworks */ = {
			isa = PBXFrameworksBuildPhase;
			buildActionMask = 2147483647;
			files = (
				9B75F48C24B7394C009B8792 /* BlogEngine in Frameworks */,
			);
			runOnlyForDeploymentPostprocessing = 0;
		};
		9B84169C24A349BE0054D12D /* Frameworks */ = {
			isa = PBXFrameworksBuildPhase;
			buildActionMask = 2147483647;
			files = (
				9BEC74E2255955E700D9326B /* StoreKit.framework in Frameworks */,
				9BEC74E82559560100D9326B /* CloudKit.framework in Frameworks */,
				9BEC74A52559357A00D9326B /* AppReceiptValidator in Frameworks */,
				9B75F48924B73934009B8792 /* BlogEngine in Frameworks */,
			);
			runOnlyForDeploymentPostprocessing = 0;
		};
		9B8416A424A349BF0054D12D /* Frameworks */ = {
			isa = PBXFrameworksBuildPhase;
			buildActionMask = 2147483647;
			files = (
			);
			runOnlyForDeploymentPostprocessing = 0;
		};
		9B8416AF24A349BF0054D12D /* Frameworks */ = {
			isa = PBXFrameworksBuildPhase;
			buildActionMask = 2147483647;
			files = (
				9B8C2F30255D361300912923 /* BlogEngine in Frameworks */,
			);
			runOnlyForDeploymentPostprocessing = 0;
		};
		9BB2E076255BE0C2004E7367 /* Frameworks */ = {
			isa = PBXFrameworksBuildPhase;
			buildActionMask = 2147483647;
			files = (
				9BB2E0AE255BE16D004E7367 /* BlogEngine in Frameworks */,
			);
			runOnlyForDeploymentPostprocessing = 0;
		};
/* End PBXFrameworksBuildPhase section */

/* Begin PBXGroup section */
		9B75F48A24B7394C009B8792 /* Frameworks */ = {
			isa = PBXGroup;
			children = (
				9BEC74E72559560100D9326B /* CloudKit.framework */,
				9BEC74E1255955E700D9326B /* StoreKit.framework */,
			);
			name = Frameworks;
			sourceTree = "<group>";
		};
		9B84168A24A349BE0054D12D = {
			isa = PBXGroup;
			children = (
				9B84168F24A349BE0054D12D /* Shared */,
				9B84169924A349BE0054D12D /* iOS */,
				9B8416A024A349BE0054D12D /* macOS */,
				9B8416AA24A349BF0054D12D /* Tests iOS */,
				9B8416B524A349BF0054D12D /* Tests macOS */,
				9BB2E07A255BE0C2004E7367 /* Publish */,
				9B84169824A349BE0054D12D /* Products */,
				9B75F48A24B7394C009B8792 /* Frameworks */,
			);
			sourceTree = "<group>";
		};
		9B84168F24A349BE0054D12D /* Shared */ = {
			isa = PBXGroup;
			children = (
				9B84169024A349BE0054D12D /* PublicistApp.swift */,
				9B84169124A349BE0054D12D /* ContentView.swift */,
				9B84169224A349BE0054D12D /* Assets.xcassets */,
				9B8416CD24A34A680054D12D /* PostCell.swift */,
				9B586D3624D7EC280072BAE1 /* SearchablePostsList.swift */,
				9B586D3924D7EC5F0072BAE1 /* SettingsView.swift */,
				9B586D3C24D7EC820072BAE1 /* ListOfAccounts.swift */,
				9B586D3F24D7EC990072BAE1 /* ProgressWithStatus.swift */,
				9BEC74922559345500D9326B /* ReceiptValidator.swift */,
				9B586D4224D7EE1C0072BAE1 /* PreviewCoreDataStack.swift */,
				9B586D4524D7F97A0072BAE1 /* AddAccountForm.swift */,
				9BBAA0E7250F8BD40064407C /* PreviewView.swift */,
				9BBAA0EA250F8DD80064407C /* ParagraphProcessor.swift */,
				9BF4E8B22518EA7B00226C58 /* FormFields.swift */,
				9BF4E8C02518EC7C00226C58 /* AccountMenu.swift */,
				9BF4E8EC2519015500226C58 /* StatusMenu.swift */,
				9BC5D5852521FD910072DBC2 /* DraftButtons.swift */,
				9BA172F6253D7F6300A365C1 /* SwiftUIImageExtensions.swift */,
				9BEC747B25592B4700D9326B /* ReceiptStatusView.swift */,
				9BEC74AA2559361200D9326B /* PurchaseController.swift */,
				9B56081225AEFD4100143B07 /* ParagraphView.swift */,
			);
			path = Shared;
			sourceTree = "<group>";
		};
		9B84169824A349BE0054D12D /* Products */ = {
			isa = PBXGroup;
			children = (
				9B84169724A349BE0054D12D /* Publicist.app */,
				9B84169F24A349BE0054D12D /* Publicist.app */,
				9B8416A724A349BF0054D12D /* Tests iOS.xctest */,
				9B8416B224A349BF0054D12D /* Tests macOS.xctest */,
				9BB2E079255BE0C2004E7367 /* Publish.appex */,
			);
			name = Products;
			sourceTree = "<group>";
		};
		9B84169924A349BE0054D12D /* iOS */ = {
			isa = PBXGroup;
			children = (
				9B84169A24A349BE0054D12D /* Info.plist */,
			);
			path = iOS;
			sourceTree = "<group>";
		};
		9B8416A024A349BE0054D12D /* macOS */ = {
			isa = PBXGroup;
			children = (
				9BEC74D7255945B900D9326B /* RSAppMovementMonitor.swift */,
				9B8416A124A349BE0054D12D /* Info.plist */,
				9B8416A224A349BE0054D12D /* macOS.entitlements */,
				9B48BF0D2518A1900099701B /* WindowMaker.swift */,
				9BEC74ED2559565800D9326B /* Configuration.storekit */,
				9BEC74F3255957BA00D9326B /* StoreKitFakeCert.cer */,
			);
			path = macOS;
			sourceTree = "<group>";
		};
		9B8416AA24A349BF0054D12D /* Tests iOS */ = {
			isa = PBXGroup;
			children = (
				9B8416AB24A349BF0054D12D /* Tests_iOS.swift */,
				9B8416AD24A349BF0054D12D /* Info.plist */,
			);
			path = "Tests iOS";
			sourceTree = "<group>";
		};
		9B8416B524A349BF0054D12D /* Tests macOS */ = {
			isa = PBXGroup;
			children = (
				9BEC74B5255937CB00D9326B /* SubscriptionsViewControllerTests.swift */,
				9BEC74992559346400D9326B /* ReceiptValidatorTests.swift */,
				9B8416B624A349BF0054D12D /* Tests_macOS.swift */,
				9B8416B824A349BF0054D12D /* Info.plist */,
			);
			path = "Tests macOS";
			sourceTree = "<group>";
		};
		9BB2E07A255BE0C2004E7367 /* Publish */ = {
			isa = PBXGroup;
			children = (
				9BB2E098255BE126004E7367 /* Base.lproj */,
				9BB2E0A1255BE126004E7367 /* icon.icns */,
				9BB2E097255BE126004E7367 /* Info.plist */,
				9BB2E09C255BE126004E7367 /* ja.lproj */,
				9BB2E09B255BE126004E7367 /* Publish.entitlements */,
				9BB2E096255BE126004E7367 /* ShareViewController.swift */,
				9BB2E095255BE125004E7367 /* Publish-Bridging-Header.h */,
			);
			path = Publish;
			sourceTree = "<group>";
		};
		9BB2E098255BE126004E7367 /* Base.lproj */ = {
			isa = PBXGroup;
			children = (
				9BB2E099255BE126004E7367 /* ShareViewController.xib */,
			);
			name = Base.lproj;
			path = ../../Publisher/Publish/Base.lproj;
			sourceTree = "<group>";
		};
		9BB2E09C255BE126004E7367 /* ja.lproj */ = {
			isa = PBXGroup;
			children = (
				9BB2E09D255BE126004E7367 /* InfoPlist.strings */,
				9BB2E09F255BE126004E7367 /* ShareViewController.strings */,
			);
			path = ja.lproj;
			sourceTree = "<group>";
		};
/* End PBXGroup section */

/* Begin PBXNativeTarget section */
		9B84169624A349BE0054D12D /* iOS */ = {
			isa = PBXNativeTarget;
			buildConfigurationList = 9B8416C124A349BF0054D12D /* Build configuration list for PBXNativeTarget "iOS" */;
			buildPhases = (
				9B84169324A349BE0054D12D /* Sources */,
				9B84169424A349BE0054D12D /* Frameworks */,
				9B84169524A349BE0054D12D /* Resources */,
			);
			buildRules = (
			);
			dependencies = (
			);
			name = iOS;
			packageProductDependencies = (
				9B75F48B24B7394C009B8792 /* BlogEngine */,
			);
			productName = iOS;
			productReference = 9B84169724A349BE0054D12D /* Publicist.app */;
			productType = "com.apple.product-type.application";
		};
		9B84169E24A349BE0054D12D /* macOS */ = {
			isa = PBXNativeTarget;
			buildConfigurationList = 9B8416C424A349BF0054D12D /* Build configuration list for PBXNativeTarget "macOS" */;
			buildPhases = (
				9B84169B24A349BE0054D12D /* Sources */,
				9B84169C24A349BE0054D12D /* Frameworks */,
				9B84169D24A349BE0054D12D /* Resources */,
				9BB2E087255BE0C2004E7367 /* Embed App Extensions */,
			);
			buildRules = (
			);
			dependencies = (
				9BB2E085255BE0C2004E7367 /* PBXTargetDependency */,
			);
			name = macOS;
			packageProductDependencies = (
				9B75F48824B73934009B8792 /* BlogEngine */,
				9BEC74A42559357A00D9326B /* AppReceiptValidator */,
			);
			productName = macOS;
			productReference = 9B84169F24A349BE0054D12D /* Publicist.app */;
			productType = "com.apple.product-type.application";
		};
		9B8416A624A349BF0054D12D /* Tests iOS */ = {
			isa = PBXNativeTarget;
			buildConfigurationList = 9B8416C724A349BF0054D12D /* Build configuration list for PBXNativeTarget "Tests iOS" */;
			buildPhases = (
				9B8416A324A349BF0054D12D /* Sources */,
				9B8416A424A349BF0054D12D /* Frameworks */,
				9B8416A524A349BF0054D12D /* Resources */,
			);
			buildRules = (
			);
			dependencies = (
				9B8416A924A349BF0054D12D /* PBXTargetDependency */,
			);
			name = "Tests iOS";
			productName = "Tests iOS";
			productReference = 9B8416A724A349BF0054D12D /* Tests iOS.xctest */;
			productType = "com.apple.product-type.bundle.ui-testing";
		};
		9B8416B124A349BF0054D12D /* Tests macOS */ = {
			isa = PBXNativeTarget;
			buildConfigurationList = 9B8416CA24A349BF0054D12D /* Build configuration list for PBXNativeTarget "Tests macOS" */;
			buildPhases = (
				9B8416AE24A349BF0054D12D /* Sources */,
				9B8416AF24A349BF0054D12D /* Frameworks */,
				9B8416B024A349BF0054D12D /* Resources */,
			);
			buildRules = (
			);
			dependencies = (
				9B8416B424A349BF0054D12D /* PBXTargetDependency */,
			);
			name = "Tests macOS";
			packageProductDependencies = (
				9B8C2F2F255D361300912923 /* BlogEngine */,
			);
			productName = "Tests macOS";
			productReference = 9B8416B224A349BF0054D12D /* Tests macOS.xctest */;
			productType = "com.apple.product-type.bundle.ui-testing";
		};
		9BB2E078255BE0C2004E7367 /* Publish */ = {
			isa = PBXNativeTarget;
			buildConfigurationList = 9BB2E08A255BE0C2004E7367 /* Build configuration list for PBXNativeTarget "Publish" */;
			buildPhases = (
				9BB2E075255BE0C2004E7367 /* Sources */,
				9BB2E076255BE0C2004E7367 /* Frameworks */,
				9BB2E077255BE0C2004E7367 /* Resources */,
			);
			buildRules = (
			);
			dependencies = (
				9B60244E2563C1C100E12831 /* PBXTargetDependency */,
			);
			name = Publish;
			packageProductDependencies = (
				9BB2E0AD255BE16D004E7367 /* BlogEngine */,
			);
			productName = Publish;
			productReference = 9BB2E079255BE0C2004E7367 /* Publish.appex */;
			productType = "com.apple.product-type.app-extension";
		};
/* End PBXNativeTarget section */

/* Begin PBXProject section */
		9B84168B24A349BE0054D12D /* Project object */ = {
			isa = PBXProject;
			attributes = {
				LastSwiftUpdateCheck = 1220;
				LastUpgradeCheck = 1230;
				TargetAttributes = {
					9B84169624A349BE0054D12D = {
						CreatedOnToolsVersion = 12.0;
					};
					9B84169E24A349BE0054D12D = {
						CreatedOnToolsVersion = 12.0;
					};
					9B8416A624A349BF0054D12D = {
						CreatedOnToolsVersion = 12.0;
						TestTargetID = 9B84169624A349BE0054D12D;
					};
					9B8416B124A349BF0054D12D = {
						CreatedOnToolsVersion = 12.0;
						TestTargetID = 9B84169E24A349BE0054D12D;
					};
					9BB2E078255BE0C2004E7367 = {
						CreatedOnToolsVersion = 12.2;
						LastSwiftMigration = 1220;
					};
				};
			};
			buildConfigurationList = 9B84168E24A349BE0054D12D /* Build configuration list for PBXProject "Publicist" */;
			compatibilityVersion = "Xcode 9.3";
			developmentRegion = en;
			hasScannedForEncodings = 0;
			knownRegions = (
				en,
				Base,
				ja,
			);
			mainGroup = 9B84168A24A349BE0054D12D;
			packageReferences = (
				9B75F48724B73934009B8792 /* XCRemoteSwiftPackageReference "BlogEngine" */,
				9BEC74A32559357A00D9326B /* XCRemoteSwiftPackageReference "AppReceiptValidator" */,
			);
			productRefGroup = 9B84169824A349BE0054D12D /* Products */;
			projectDirPath = "";
			projectRoot = "";
			targets = (
				9B84169624A349BE0054D12D /* iOS */,
				9B84169E24A349BE0054D12D /* macOS */,
				9B8416A624A349BF0054D12D /* Tests iOS */,
				9B8416B124A349BF0054D12D /* Tests macOS */,
				9BB2E078255BE0C2004E7367 /* Publish */,
			);
		};
/* End PBXProject section */

/* Begin PBXResourcesBuildPhase section */
		9B84169524A349BE0054D12D /* Resources */ = {
			isa = PBXResourcesBuildPhase;
			buildActionMask = 2147483647;
			files = (
				9B8416BD24A349BF0054D12D /* Assets.xcassets in Resources */,
			);
			runOnlyForDeploymentPostprocessing = 0;
		};
		9B84169D24A349BE0054D12D /* Resources */ = {
			isa = PBXResourcesBuildPhase;
			buildActionMask = 2147483647;
			files = (
				9B8416BE24A349BF0054D12D /* Assets.xcassets in Resources */,
				9BEC74EE2559565800D9326B /* Configuration.storekit in Resources */,
				9BEC74F4255957BA00D9326B /* StoreKitFakeCert.cer in Resources */,
			);
			runOnlyForDeploymentPostprocessing = 0;
		};
		9B8416A524A349BF0054D12D /* Resources */ = {
			isa = PBXResourcesBuildPhase;
			buildActionMask = 2147483647;
			files = (
			);
			runOnlyForDeploymentPostprocessing = 0;
		};
		9B8416B024A349BF0054D12D /* Resources */ = {
			isa = PBXResourcesBuildPhase;
			buildActionMask = 2147483647;
			files = (
			);
			runOnlyForDeploymentPostprocessing = 0;
		};
		9BB2E077255BE0C2004E7367 /* Resources */ = {
			isa = PBXResourcesBuildPhase;
			buildActionMask = 2147483647;
			files = (
				9BB2E0A7255BE126004E7367 /* icon.icns in Resources */,
				9BB2E0A4255BE126004E7367 /* ShareViewController.xib in Resources */,
				9BB2E0A6255BE126004E7367 /* ShareViewController.strings in Resources */,
			);
			runOnlyForDeploymentPostprocessing = 0;
		};
/* End PBXResourcesBuildPhase section */

/* Begin PBXSourcesBuildPhase section */
		9B84169324A349BE0054D12D /* Sources */ = {
			isa = PBXSourcesBuildPhase;
			buildActionMask = 2147483647;
			files = (
				9B586D4324D7EE1C0072BAE1 /* PreviewCoreDataStack.swift in Sources */,
				9BC5D5862521FD910072DBC2 /* DraftButtons.swift in Sources */,
				9B586D4624D7F97A0072BAE1 /* AddAccountForm.swift in Sources */,
				9B586D4024D7EC990072BAE1 /* ProgressWithStatus.swift in Sources */,
				9BF4E8ED2519015500226C58 /* StatusMenu.swift in Sources */,
				9BBAA0E8250F8BD40064407C /* PreviewView.swift in Sources */,
				9BF4E8C12518EC7C00226C58 /* AccountMenu.swift in Sources */,
				9B8416BB24A349BF0054D12D /* ContentView.swift in Sources */,
				9BA172F7253D7F6300A365C1 /* SwiftUIImageExtensions.swift in Sources */,
				9BEC74932559345500D9326B /* ReceiptValidator.swift in Sources */,
				9BBAA0EB250F8DD80064407C /* ParagraphProcessor.swift in Sources */,
				9B8416B924A349BF0054D12D /* PublicistApp.swift in Sources */,
				9B586D3D24D7EC820072BAE1 /* ListOfAccounts.swift in Sources */,
				9BF4E8B32518EA7B00226C58 /* FormFields.swift in Sources */,
				9B56081325AEFD4100143B07 /* ParagraphView.swift in Sources */,
				9B586D3A24D7EC5F0072BAE1 /* SettingsView.swift in Sources */,
				9B586D3724D7EC280072BAE1 /* SearchablePostsList.swift in Sources */,
				9BEC747C25592B4700D9326B /* ReceiptStatusView.swift in Sources */,
				9B8416CE24A34A680054D12D /* PostCell.swift in Sources */,
			);
			runOnlyForDeploymentPostprocessing = 0;
		};
		9B84169B24A349BE0054D12D /* Sources */ = {
			isa = PBXSourcesBuildPhase;
			buildActionMask = 2147483647;
			files = (
				9B586D4424D7EE1C0072BAE1 /* PreviewCoreDataStack.swift in Sources */,
				9B586D4724D7F97A0072BAE1 /* AddAccountForm.swift in Sources */,
				9BEC747D25592B4700D9326B /* ReceiptStatusView.swift in Sources */,
				9B586D4124D7EC990072BAE1 /* ProgressWithStatus.swift in Sources */,
				9BF4E8B42518EA7B00226C58 /* FormFields.swift in Sources */,
				9BBAA0E9250F8BD40064407C /* PreviewView.swift in Sources */,
				9BEC74942559345500D9326B /* ReceiptValidator.swift in Sources */,
				9B48BF0E2518A1900099701B /* WindowMaker.swift in Sources */,
				9B8416BC24A349BF0054D12D /* ContentView.swift in Sources */,
				9BF4E8EE2519015500226C58 /* StatusMenu.swift in Sources */,
				9BBAA0EC250F8DD80064407C /* ParagraphProcessor.swift in Sources */,
				9BEC74B02559361700D9326B /* PurchaseController.swift in Sources */,
				9B8416BA24A349BF0054D12D /* PublicistApp.swift in Sources */,
				9BA172F8253D7F6300A365C1 /* SwiftUIImageExtensions.swift in Sources */,
				9B586D3E24D7EC820072BAE1 /* ListOfAccounts.swift in Sources */,
				9BF4E8C22518EC7C00226C58 /* AccountMenu.swift in Sources */,
				9B586D3B24D7EC5F0072BAE1 /* SettingsView.swift in Sources */,
				9BC5D5872521FD910072DBC2 /* DraftButtons.swift in Sources */,
				9B586D3824D7EC280072BAE1 /* SearchablePostsList.swift in Sources */,
				9BEC74D8255945B900D9326B /* RSAppMovementMonitor.swift in Sources */,
				9B8416CF24A34A680054D12D /* PostCell.swift in Sources */,
				9B56081925AEFD4400143B07 /* ParagraphView.swift in Sources */,
			);
			runOnlyForDeploymentPostprocessing = 0;
		};
		9B8416A324A349BF0054D12D /* Sources */ = {
			isa = PBXSourcesBuildPhase;
			buildActionMask = 2147483647;
			files = (
				9B8416AC24A349BF0054D12D /* Tests_iOS.swift in Sources */,
			);
			runOnlyForDeploymentPostprocessing = 0;
		};
		9B8416AE24A349BF0054D12D /* Sources */ = {
			isa = PBXSourcesBuildPhase;
			buildActionMask = 2147483647;
			files = (
				9BEC74AB2559361200D9326B /* PurchaseController.swift in Sources */,
				9B8416B724A349BF0054D12D /* Tests_macOS.swift in Sources */,
				9BEC749A2559346400D9326B /* ReceiptValidatorTests.swift in Sources */,
				9BEC74B6255937CB00D9326B /* SubscriptionsViewControllerTests.swift in Sources */,
			);
			runOnlyForDeploymentPostprocessing = 0;
		};
		9BB2E075255BE0C2004E7367 /* Sources */ = {
			isa = PBXSourcesBuildPhase;
			buildActionMask = 2147483647;
			files = (
				9BB2E0A2255BE126004E7367 /* ShareViewController.swift in Sources */,
			);
			runOnlyForDeploymentPostprocessing = 0;
		};
/* End PBXSourcesBuildPhase section */

/* Begin PBXTargetDependency section */
		9B60244E2563C1C100E12831 /* PBXTargetDependency */ = {
			isa = PBXTargetDependency;
			productRef = 9B60244D2563C1C100E12831 /* BlogEngine */;
		};
		9B8416A924A349BF0054D12D /* PBXTargetDependency */ = {
			isa = PBXTargetDependency;
			target = 9B84169624A349BE0054D12D /* iOS */;
			targetProxy = 9B8416A824A349BF0054D12D /* PBXContainerItemProxy */;
		};
		9B8416B424A349BF0054D12D /* PBXTargetDependency */ = {
			isa = PBXTargetDependency;
			target = 9B84169E24A349BE0054D12D /* macOS */;
			targetProxy = 9B8416B324A349BF0054D12D /* PBXContainerItemProxy */;
		};
		9BB2E085255BE0C2004E7367 /* PBXTargetDependency */ = {
			isa = PBXTargetDependency;
			target = 9BB2E078255BE0C2004E7367 /* Publish */;
			targetProxy = 9BB2E084255BE0C2004E7367 /* PBXContainerItemProxy */;
		};
/* End PBXTargetDependency section */

/* Begin PBXVariantGroup section */
		9BB2E099255BE126004E7367 /* ShareViewController.xib */ = {
			isa = PBXVariantGroup;
			children = (
				9BB2E09A255BE126004E7367 /* Base */,
			);
			name = ShareViewController.xib;
			sourceTree = "<group>";
		};
		9BB2E09D255BE126004E7367 /* InfoPlist.strings */ = {
			isa = PBXVariantGroup;
			children = (
				9BB2E09E255BE126004E7367 /* ja */,
			);
			name = InfoPlist.strings;
			sourceTree = "<group>";
		};
		9BB2E09F255BE126004E7367 /* ShareViewController.strings */ = {
			isa = PBXVariantGroup;
			children = (
				9BB2E0A0255BE126004E7367 /* ja */,
			);
			name = ShareViewController.strings;
			sourceTree = "<group>";
		};
/* End PBXVariantGroup section */

/* Begin XCBuildConfiguration section */
		9B8416BF24A349BF0054D12D /* Debug */ = {
			isa = XCBuildConfiguration;
			buildSettings = {
				ALWAYS_SEARCH_USER_PATHS = NO;
				CLANG_ANALYZER_LOCALIZABILITY_NONLOCALIZED = YES;
				CLANG_ANALYZER_NONNULL = YES;
				CLANG_ANALYZER_NUMBER_OBJECT_CONVERSION = YES_AGGRESSIVE;
				CLANG_CXX_LANGUAGE_STANDARD = "gnu++14";
				CLANG_CXX_LIBRARY = "libc++";
				CLANG_ENABLE_MODULES = YES;
				CLANG_ENABLE_OBJC_ARC = YES;
				CLANG_ENABLE_OBJC_WEAK = YES;
				CLANG_WARN_BLOCK_CAPTURE_AUTORELEASING = YES;
				CLANG_WARN_BOOL_CONVERSION = YES;
				CLANG_WARN_COMMA = YES;
				CLANG_WARN_CONSTANT_CONVERSION = YES;
				CLANG_WARN_DEPRECATED_OBJC_IMPLEMENTATIONS = YES;
				CLANG_WARN_DIRECT_OBJC_ISA_USAGE = YES_ERROR;
				CLANG_WARN_DOCUMENTATION_COMMENTS = YES;
				CLANG_WARN_EMPTY_BODY = YES;
				CLANG_WARN_ENUM_CONVERSION = YES;
				CLANG_WARN_INFINITE_RECURSION = YES;
				CLANG_WARN_INT_CONVERSION = YES;
				CLANG_WARN_NON_LITERAL_NULL_CONVERSION = YES;
				CLANG_WARN_OBJC_IMPLICIT_RETAIN_SELF = YES;
				CLANG_WARN_OBJC_LITERAL_CONVERSION = YES;
				CLANG_WARN_OBJC_ROOT_CLASS = YES_ERROR;
				CLANG_WARN_QUOTED_INCLUDE_IN_FRAMEWORK_HEADER = YES;
				CLANG_WARN_RANGE_LOOP_ANALYSIS = YES;
				CLANG_WARN_STRICT_PROTOTYPES = YES;
				CLANG_WARN_SUSPICIOUS_MOVE = YES;
				CLANG_WARN_UNGUARDED_AVAILABILITY = YES_AGGRESSIVE;
				CLANG_WARN_UNREACHABLE_CODE = YES;
				CLANG_WARN__DUPLICATE_METHOD_MATCH = YES;
				COPY_PHASE_STRIP = NO;
				DEBUG_INFORMATION_FORMAT = dwarf;
				ENABLE_STRICT_OBJC_MSGSEND = YES;
				ENABLE_TESTABILITY = YES;
				GCC_C_LANGUAGE_STANDARD = gnu11;
				GCC_DYNAMIC_NO_PIC = NO;
				GCC_NO_COMMON_BLOCKS = YES;
				GCC_OPTIMIZATION_LEVEL = 0;
				GCC_PREPROCESSOR_DEFINITIONS = (
					"DEBUG=1",
					"$(inherited)",
				);
				GCC_WARN_64_TO_32_BIT_CONVERSION = YES;
				GCC_WARN_ABOUT_RETURN_TYPE = YES_ERROR;
				GCC_WARN_UNDECLARED_SELECTOR = YES;
				GCC_WARN_UNINITIALIZED_AUTOS = YES_AGGRESSIVE;
				GCC_WARN_UNUSED_FUNCTION = YES;
				GCC_WARN_UNUSED_VARIABLE = YES;
				IPHONEOS_DEPLOYMENT_TARGET = 14.0;
				MACOSX_DEPLOYMENT_TARGET = 10.16;
				MTL_ENABLE_DEBUG_INFO = INCLUDE_SOURCE;
				MTL_FAST_MATH = YES;
				ONLY_ACTIVE_ARCH = YES;
				SDKROOT = macosx;
				SWIFT_ACTIVE_COMPILATION_CONDITIONS = DEBUG;
				SWIFT_OPTIMIZATION_LEVEL = "-Onone";
			};
			name = Debug;
		};
		9B8416C024A349BF0054D12D /* Release */ = {
			isa = XCBuildConfiguration;
			buildSettings = {
				ALWAYS_SEARCH_USER_PATHS = NO;
				CLANG_ANALYZER_LOCALIZABILITY_NONLOCALIZED = YES;
				CLANG_ANALYZER_NONNULL = YES;
				CLANG_ANALYZER_NUMBER_OBJECT_CONVERSION = YES_AGGRESSIVE;
				CLANG_CXX_LANGUAGE_STANDARD = "gnu++14";
				CLANG_CXX_LIBRARY = "libc++";
				CLANG_ENABLE_MODULES = YES;
				CLANG_ENABLE_OBJC_ARC = YES;
				CLANG_ENABLE_OBJC_WEAK = YES;
				CLANG_WARN_BLOCK_CAPTURE_AUTORELEASING = YES;
				CLANG_WARN_BOOL_CONVERSION = YES;
				CLANG_WARN_COMMA = YES;
				CLANG_WARN_CONSTANT_CONVERSION = YES;
				CLANG_WARN_DEPRECATED_OBJC_IMPLEMENTATIONS = YES;
				CLANG_WARN_DIRECT_OBJC_ISA_USAGE = YES_ERROR;
				CLANG_WARN_DOCUMENTATION_COMMENTS = YES;
				CLANG_WARN_EMPTY_BODY = YES;
				CLANG_WARN_ENUM_CONVERSION = YES;
				CLANG_WARN_INFINITE_RECURSION = YES;
				CLANG_WARN_INT_CONVERSION = YES;
				CLANG_WARN_NON_LITERAL_NULL_CONVERSION = YES;
				CLANG_WARN_OBJC_IMPLICIT_RETAIN_SELF = YES;
				CLANG_WARN_OBJC_LITERAL_CONVERSION = YES;
				CLANG_WARN_OBJC_ROOT_CLASS = YES_ERROR;
				CLANG_WARN_QUOTED_INCLUDE_IN_FRAMEWORK_HEADER = YES;
				CLANG_WARN_RANGE_LOOP_ANALYSIS = YES;
				CLANG_WARN_STRICT_PROTOTYPES = YES;
				CLANG_WARN_SUSPICIOUS_MOVE = YES;
				CLANG_WARN_UNGUARDED_AVAILABILITY = YES_AGGRESSIVE;
				CLANG_WARN_UNREACHABLE_CODE = YES;
				CLANG_WARN__DUPLICATE_METHOD_MATCH = YES;
				COPY_PHASE_STRIP = NO;
				DEBUG_INFORMATION_FORMAT = "dwarf-with-dsym";
				ENABLE_NS_ASSERTIONS = NO;
				ENABLE_STRICT_OBJC_MSGSEND = YES;
				GCC_C_LANGUAGE_STANDARD = gnu11;
				GCC_NO_COMMON_BLOCKS = YES;
				GCC_WARN_64_TO_32_BIT_CONVERSION = YES;
				GCC_WARN_ABOUT_RETURN_TYPE = YES_ERROR;
				GCC_WARN_UNDECLARED_SELECTOR = YES;
				GCC_WARN_UNINITIALIZED_AUTOS = YES_AGGRESSIVE;
				GCC_WARN_UNUSED_FUNCTION = YES;
				GCC_WARN_UNUSED_VARIABLE = YES;
				IPHONEOS_DEPLOYMENT_TARGET = 14.0;
				MACOSX_DEPLOYMENT_TARGET = 10.16;
				MTL_ENABLE_DEBUG_INFO = NO;
				MTL_FAST_MATH = YES;
				SDKROOT = macosx;
				SWIFT_COMPILATION_MODE = wholemodule;
				SWIFT_OPTIMIZATION_LEVEL = "-O";
			};
			name = Release;
		};
		9B8416C224A349BF0054D12D /* Debug */ = {
			isa = XCBuildConfiguration;
			buildSettings = {
				ASSETCATALOG_COMPILER_APPICON_NAME = AppIcon;
				ASSETCATALOG_COMPILER_GLOBAL_ACCENT_COLOR_NAME = AccentColor;
				CODE_SIGN_STYLE = Automatic;
				DEVELOPMENT_TEAM = SYSB7DM9AH;
				ENABLE_PREVIEWS = YES;
				INFOPLIST_FILE = iOS/Info.plist;
				IPHONEOS_DEPLOYMENT_TARGET = 14.0;
				LD_RUNPATH_SEARCH_PATHS = (
					"$(inherited)",
					"@executable_path/Frameworks",
				);
				PRODUCT_BUNDLE_IDENTIFIER = com.roundwallsoftware.Publicist;
				PRODUCT_NAME = Publicist;
				SDKROOT = iphoneos;
				SWIFT_VERSION = 5.0;
				TARGETED_DEVICE_FAMILY = "1,2";
			};
			name = Debug;
		};
		9B8416C324A349BF0054D12D /* Release */ = {
			isa = XCBuildConfiguration;
			buildSettings = {
				ASSETCATALOG_COMPILER_APPICON_NAME = AppIcon;
				ASSETCATALOG_COMPILER_GLOBAL_ACCENT_COLOR_NAME = AccentColor;
				CODE_SIGN_STYLE = Automatic;
				DEVELOPMENT_TEAM = SYSB7DM9AH;
				ENABLE_PREVIEWS = YES;
				INFOPLIST_FILE = iOS/Info.plist;
				IPHONEOS_DEPLOYMENT_TARGET = 14.0;
				LD_RUNPATH_SEARCH_PATHS = (
					"$(inherited)",
					"@executable_path/Frameworks",
				);
				PRODUCT_BUNDLE_IDENTIFIER = com.roundwallsoftware.Publicist;
				PRODUCT_NAME = Publicist;
				SDKROOT = iphoneos;
				SWIFT_VERSION = 5.0;
				TARGETED_DEVICE_FAMILY = "1,2";
				VALIDATE_PRODUCT = YES;
			};
			name = Release;
		};
		9B8416C524A349BF0054D12D /* Debug */ = {
			isa = XCBuildConfiguration;
			buildSettings = {
				ALWAYS_EMBED_SWIFT_STANDARD_LIBRARIES = YES;
				ASSETCATALOG_COMPILER_APPICON_NAME = AppIcon;
				ASSETCATALOG_COMPILER_GLOBAL_ACCENT_COLOR_NAME = AccentColor;
				CODE_SIGN_ENTITLEMENTS = macOS/macOS.entitlements;
				CODE_SIGN_IDENTITY = "Apple Development";
				CODE_SIGN_STYLE = Automatic;
				COMBINE_HIDPI_IMAGES = YES;
				DEVELOPMENT_TEAM = SYSB7DM9AH;
				ENABLE_HARDENED_RUNTIME = YES;
				ENABLE_PREVIEWS = YES;
				INFOPLIST_FILE = macOS/Info.plist;
				LD_RUNPATH_SEARCH_PATHS = (
					"$(inherited)",
					"@executable_path/../Frameworks",
				);
				MACOSX_DEPLOYMENT_TARGET = 11.0;
				MARKETING_VERSION = 1.5;
				PRODUCT_BUNDLE_IDENTIFIER = com.roundwallsoftware.Publisher;
				PRODUCT_NAME = Publicist;
				SDKROOT = macosx;
				SWIFT_VERSION = 5.0;
			};
			name = Debug;
		};
		9B8416C624A349BF0054D12D /* Release */ = {
			isa = XCBuildConfiguration;
			buildSettings = {
				ALWAYS_EMBED_SWIFT_STANDARD_LIBRARIES = YES;
				ASSETCATALOG_COMPILER_APPICON_NAME = AppIcon;
				ASSETCATALOG_COMPILER_GLOBAL_ACCENT_COLOR_NAME = AccentColor;
				CODE_SIGN_ENTITLEMENTS = macOS/macOS.entitlements;
				CODE_SIGN_IDENTITY = "Apple Development";
				CODE_SIGN_STYLE = Automatic;
				COMBINE_HIDPI_IMAGES = YES;
				DEVELOPMENT_TEAM = SYSB7DM9AH;
				ENABLE_HARDENED_RUNTIME = YES;
				ENABLE_PREVIEWS = YES;
				INFOPLIST_FILE = macOS/Info.plist;
				LD_RUNPATH_SEARCH_PATHS = (
					"$(inherited)",
					"@executable_path/../Frameworks",
				);
				MACOSX_DEPLOYMENT_TARGET = 11.0;
				MARKETING_VERSION = 1.5;
				PRODUCT_BUNDLE_IDENTIFIER = com.roundwallsoftware.Publisher;
				PRODUCT_NAME = Publicist;
				SDKROOT = macosx;
				SWIFT_VERSION = 5.0;
			};
			name = Release;
		};
		9B8416C824A349BF0054D12D /* Debug */ = {
			isa = XCBuildConfiguration;
			buildSettings = {
				ALWAYS_EMBED_SWIFT_STANDARD_LIBRARIES = YES;
				CODE_SIGN_STYLE = Automatic;
				DEVELOPMENT_TEAM = SYSB7DM9AH;
				INFOPLIST_FILE = "Tests iOS/Info.plist";
				IPHONEOS_DEPLOYMENT_TARGET = 14.0;
				LD_RUNPATH_SEARCH_PATHS = (
					"$(inherited)",
					"@executable_path/Frameworks",
					"@loader_path/Frameworks",
				);
				PRODUCT_BUNDLE_IDENTIFIER = "com.roundwallsoftware.Tests-iOS";
				PRODUCT_NAME = "$(TARGET_NAME)";
				SDKROOT = iphoneos;
				SWIFT_VERSION = 5.0;
				TARGETED_DEVICE_FAMILY = "1,2";
				TEST_TARGET_NAME = iOS;
			};
			name = Debug;
		};
		9B8416C924A349BF0054D12D /* Release */ = {
			isa = XCBuildConfiguration;
			buildSettings = {
				ALWAYS_EMBED_SWIFT_STANDARD_LIBRARIES = YES;
				CODE_SIGN_STYLE = Automatic;
				DEVELOPMENT_TEAM = SYSB7DM9AH;
				INFOPLIST_FILE = "Tests iOS/Info.plist";
				IPHONEOS_DEPLOYMENT_TARGET = 14.0;
				LD_RUNPATH_SEARCH_PATHS = (
					"$(inherited)",
					"@executable_path/Frameworks",
					"@loader_path/Frameworks",
				);
				PRODUCT_BUNDLE_IDENTIFIER = "com.roundwallsoftware.Tests-iOS";
				PRODUCT_NAME = "$(TARGET_NAME)";
				SDKROOT = iphoneos;
				SWIFT_VERSION = 5.0;
				TARGETED_DEVICE_FAMILY = "1,2";
				TEST_TARGET_NAME = iOS;
				VALIDATE_PRODUCT = YES;
			};
			name = Release;
		};
		9B8416CB24A349BF0054D12D /* Debug */ = {
			isa = XCBuildConfiguration;
			buildSettings = {
				ALWAYS_EMBED_SWIFT_STANDARD_LIBRARIES = YES;
				CODE_SIGN_STYLE = Automatic;
				COMBINE_HIDPI_IMAGES = YES;
				DEVELOPMENT_TEAM = SYSB7DM9AH;
				INFOPLIST_FILE = "Tests macOS/Info.plist";
				LD_RUNPATH_SEARCH_PATHS = (
					"$(inherited)",
					"@executable_path/../Frameworks",
					"@loader_path/../Frameworks",
				);
				MACOSX_DEPLOYMENT_TARGET = 11.0;
				PRODUCT_BUNDLE_IDENTIFIER = "com.roundwallsoftware.Tests-macOS";
				PRODUCT_NAME = "$(TARGET_NAME)";
				SDKROOT = macosx;
				SWIFT_VERSION = 5.0;
				TEST_TARGET_NAME = macOS;
			};
			name = Debug;
		};
		9B8416CC24A349BF0054D12D /* Release */ = {
			isa = XCBuildConfiguration;
			buildSettings = {
				ALWAYS_EMBED_SWIFT_STANDARD_LIBRARIES = YES;
				CODE_SIGN_STYLE = Automatic;
				COMBINE_HIDPI_IMAGES = YES;
				DEVELOPMENT_TEAM = SYSB7DM9AH;
				INFOPLIST_FILE = "Tests macOS/Info.plist";
				LD_RUNPATH_SEARCH_PATHS = (
					"$(inherited)",
					"@executable_path/../Frameworks",
					"@loader_path/../Frameworks",
				);
				MACOSX_DEPLOYMENT_TARGET = 11.0;
				PRODUCT_BUNDLE_IDENTIFIER = "com.roundwallsoftware.Tests-macOS";
				PRODUCT_NAME = "$(TARGET_NAME)";
				SDKROOT = macosx;
				SWIFT_VERSION = 5.0;
				TEST_TARGET_NAME = macOS;
			};
			name = Release;
		};
		9BB2E088255BE0C2004E7367 /* Debug */ = {
			isa = XCBuildConfiguration;
			buildSettings = {
				CLANG_ENABLE_MODULES = YES;
				CODE_SIGN_ENTITLEMENTS = Publish/Publish.entitlements;
				CODE_SIGN_IDENTITY = "Apple Development";
				CODE_SIGN_STYLE = Automatic;
				COMBINE_HIDPI_IMAGES = YES;
				CURRENT_PROJECT_VERSION = 1;
				DEVELOPMENT_TEAM = SYSB7DM9AH;
				ENABLE_HARDENED_RUNTIME = YES;
				INFOPLIST_FILE = Publish/Info.plist;
				LD_RUNPATH_SEARCH_PATHS = (
					"$(inherited)",
					"@executable_path/../Frameworks",
					"@executable_path/../../../../Frameworks",
				);
				MACOSX_DEPLOYMENT_TARGET = 11.0;
				MARKETING_VERSION = 1.5;
				PRODUCT_BUNDLE_IDENTIFIER = com.roundwallsoftware.Publisher.Publish;
				PRODUCT_NAME = "$(TARGET_NAME)";
				SDKROOT = macosx;
				SKIP_INSTALL = YES;
				SWIFT_OBJC_BRIDGING_HEADER = "Publish/Publish-Bridging-Header.h";
				SWIFT_OPTIMIZATION_LEVEL = "-Onone";
				SWIFT_VERSION = 5.0;
			};
			name = Debug;
		};
		9BB2E089255BE0C2004E7367 /* Release */ = {
			isa = XCBuildConfiguration;
			buildSettings = {
				CLANG_ENABLE_MODULES = YES;
				CODE_SIGN_ENTITLEMENTS = Publish/Publish.entitlements;
				CODE_SIGN_IDENTITY = "Apple Development";
				CODE_SIGN_STYLE = Automatic;
				COMBINE_HIDPI_IMAGES = YES;
				CURRENT_PROJECT_VERSION = 1;
				DEVELOPMENT_TEAM = SYSB7DM9AH;
				ENABLE_HARDENED_RUNTIME = YES;
				INFOPLIST_FILE = Publish/Info.plist;
				LD_RUNPATH_SEARCH_PATHS = (
					"$(inherited)",
					"@executable_path/../Frameworks",
					"@executable_path/../../../../Frameworks",
				);
				MACOSX_DEPLOYMENT_TARGET = 11.0;
				MARKETING_VERSION = 1.5;
				PRODUCT_BUNDLE_IDENTIFIER = com.roundwallsoftware.Publisher.Publish;
				PRODUCT_NAME = "$(TARGET_NAME)";
				SDKROOT = macosx;
				SKIP_INSTALL = YES;
				SWIFT_OBJC_BRIDGING_HEADER = "Publish/Publish-Bridging-Header.h";
				SWIFT_VERSION = 5.0;
			};
			name = Release;
		};
/* End XCBuildConfiguration section */

/* Begin XCConfigurationList section */
		9B84168E24A349BE0054D12D /* Build configuration list for PBXProject "Publicist" */ = {
			isa = XCConfigurationList;
			buildConfigurations = (
				9B8416BF24A349BF0054D12D /* Debug */,
				9B8416C024A349BF0054D12D /* Release */,
			);
			defaultConfigurationIsVisible = 0;
			defaultConfigurationName = Release;
		};
		9B8416C124A349BF0054D12D /* Build configuration list for PBXNativeTarget "iOS" */ = {
			isa = XCConfigurationList;
			buildConfigurations = (
				9B8416C224A349BF0054D12D /* Debug */,
				9B8416C324A349BF0054D12D /* Release */,
			);
			defaultConfigurationIsVisible = 0;
			defaultConfigurationName = Release;
		};
		9B8416C424A349BF0054D12D /* Build configuration list for PBXNativeTarget "macOS" */ = {
			isa = XCConfigurationList;
			buildConfigurations = (
				9B8416C524A349BF0054D12D /* Debug */,
				9B8416C624A349BF0054D12D /* Release */,
			);
			defaultConfigurationIsVisible = 0;
			defaultConfigurationName = Release;
		};
		9B8416C724A349BF0054D12D /* Build configuration list for PBXNativeTarget "Tests iOS" */ = {
			isa = XCConfigurationList;
			buildConfigurations = (
				9B8416C824A349BF0054D12D /* Debug */,
				9B8416C924A349BF0054D12D /* Release */,
			);
			defaultConfigurationIsVisible = 0;
			defaultConfigurationName = Release;
		};
		9B8416CA24A349BF0054D12D /* Build configuration list for PBXNativeTarget "Tests macOS" */ = {
			isa = XCConfigurationList;
			buildConfigurations = (
				9B8416CB24A349BF0054D12D /* Debug */,
				9B8416CC24A349BF0054D12D /* Release */,
			);
			defaultConfigurationIsVisible = 0;
			defaultConfigurationName = Release;
		};
		9BB2E08A255BE0C2004E7367 /* Build configuration list for PBXNativeTarget "Publish" */ = {
			isa = XCConfigurationList;
			buildConfigurations = (
				9BB2E088255BE0C2004E7367 /* Debug */,
				9BB2E089255BE0C2004E7367 /* Release */,
			);
			defaultConfigurationIsVisible = 0;
			defaultConfigurationName = Release;
		};
/* End XCConfigurationList section */

/* Begin XCRemoteSwiftPackageReference section */
		9B75F48724B73934009B8792 /* XCRemoteSwiftPackageReference "BlogEngine" */ = {
			isa = XCRemoteSwiftPackageReference;
			repositoryURL = "https://github.com/sgoodwin/BlogEngine.git";
			requirement = {
				branch = main;
				kind = branch;
			};
		};
		9BEC74A32559357A00D9326B /* XCRemoteSwiftPackageReference "AppReceiptValidator" */ = {
			isa = XCRemoteSwiftPackageReference;
			repositoryURL = "git@github.com:IdeasOnCanvas/AppReceiptValidator.git";
			requirement = {
				branch = experiment/openSSLXCFramework;
				kind = branch;
			};
		};
/* End XCRemoteSwiftPackageReference section */

/* Begin XCSwiftPackageProductDependency section */
		9B60244D2563C1C100E12831 /* BlogEngine */ = {
			isa = XCSwiftPackageProductDependency;
			package = 9B75F48724B73934009B8792 /* XCRemoteSwiftPackageReference "BlogEngine" */;
			productName = BlogEngine;
		};
		9B75F48824B73934009B8792 /* BlogEngine */ = {
			isa = XCSwiftPackageProductDependency;
			package = 9B75F48724B73934009B8792 /* XCRemoteSwiftPackageReference "BlogEngine" */;
			productName = BlogEngine;
		};
		9B75F48B24B7394C009B8792 /* BlogEngine */ = {
			isa = XCSwiftPackageProductDependency;
			package = 9B75F48724B73934009B8792 /* XCRemoteSwiftPackageReference "BlogEngine" */;
			productName = BlogEngine;
		};
		9B8C2F2F255D361300912923 /* BlogEngine */ = {
			isa = XCSwiftPackageProductDependency;
			package = 9B75F48724B73934009B8792 /* XCRemoteSwiftPackageReference "BlogEngine" */;
			productName = BlogEngine;
		};
		9BB2E0AD255BE16D004E7367 /* BlogEngine */ = {
			isa = XCSwiftPackageProductDependency;
			package = 9B75F48724B73934009B8792 /* XCRemoteSwiftPackageReference "BlogEngine" */;
			productName = BlogEngine;
		};
		9BEC74A42559357A00D9326B /* AppReceiptValidator */ = {
			isa = XCSwiftPackageProductDependency;
			package = 9BEC74A32559357A00D9326B /* XCRemoteSwiftPackageReference "AppReceiptValidator" */;
			productName = AppReceiptValidator;
		};
/* End XCSwiftPackageProductDependency section */
	};
	rootObject = 9B84168B24A349BE0054D12D /* Project object */;
}
